
Microsoft Visual Studio Solution File, Format Version 12.00
# Visual Studio Version 16
VisualStudioVersion = 16.0.30330.147
MinimumVisualStudioVersion = 10.0.40219.1
Project("{9A19103F-16F7-4668-BE54-9A1E7A4F7556}") = "BlazorNorthwindUI", "BlazorNorthwindUI\BlazorNorthwindUI.csproj", "{8E2E7595-09F6-48C4-AD4F-CFCBE3FE56F2}"
EndProject
Global
	GlobalSection(SolutionConfigurationPlatforms) = preSolution
		Debug|Any CPU = Debug|Any CPU
		Release|Any CPU = Release|Any CPU
	EndGlobalSection
	GlobalSection(ProjectConfigurationPlatforms) = postSolution
		{8E2E7595-09F6-48C4-AD4F-CFCBE3FE56F2}.Debug|Any CPU.ActiveCfg = Debug|Any CPU
		{8E2E7595-09F6-48C4-AD4F-CFCBE3FE56F2}.Debug|Any CPU.Build.0 = Debug|Any CPU
		{8E2E7595-09F6-48C4-AD4F-CFCBE3FE56F2}.Release|Any CPU.ActiveCfg = Release|Any CPU
		{8E2E7595-09F6-48C4-AD4F-CFCBE3FE56F2}.Release|Any CPU.Build.0 = Release|Any CPU
	EndGlobalSection
	GlobalSection(SolutionProperties) = preSolution
		HideSolutionNode = FALSE
	EndGlobalSection
	GlobalSection(ExtensibilityGlobals) = postSolution
		SolutionGuid = {886A2AAD-3F56-464B-B3E2-53E04A39A131}
	EndGlobalSection
EndGlobal
